<?xml version="1.0" encoding="utf-8"?>
<Project ToolsVersion="4.0" xmlns="http://schemas.microsoft.com/developer/msbuild/2003">
  <ItemGroup>
    <ClCompile Include="WindowsMain.cpp">
      <Filter>Source Files</Filter>
    </ClCompile>
    <ClCompile Include="Camera.cpp">
      <Filter>Source Files\Kernel</Filter>
    </ClCompile>
    <ClCompile Include="Graphics.cpp">
      <Filter>Source Files\Kernel</Filter>
    </ClCompile>
    <ClCompile Include="Timer.cpp">
      <Filter>Source Files\Kernel</Filter>
    </ClCompile>
    <ClCompile Include="Keyboard.cpp">
      <Filter>Source Files\Input</Filter>
    </ClCompile>
    <ClCompile Include="Mouse.cpp">
      <Filter>Source Files\Input</Filter>
    </ClCompile>
    <ClCompile Include="Logger.cpp">
      <Filter>Source Files</Filter>
    </ClCompile>
    <ClCompile Include="Program.cpp">
      <Filter>Source Files</Filter>
    </ClCompile>
    <ClCompile Include="SOIL\source\image_DXT.c">
      <Filter>Source Files\Image</Filter>
    </ClCompile>
    <ClCompile Include="SOIL\source\image_helper.c">
      <Filter>Source Files\Image</Filter>
    </ClCompile>
    <ClCompile Include="SOIL\source\SOIL.c">
      <Filter>Source Files\Image</Filter>
    </ClCompile>
    <ClCompile Include="SOIL\source\stb_image_aug.c">
      <Filter>Source Files\Image</Filter>
    </ClCompile>
  </ItemGroup>
  <ItemGroup>
    <ClInclude Include="GlobalVariables.h">
      <Filter>Header Files</Filter>
    </ClInclude>
    <ClInclude Include="Utility.h">
      <Filter>Header Files</Filter>
    </ClInclude>
    <ClInclude Include="Camera.hpp">
      <Filter>Header Files\Kernel</Filter>
    </ClInclude>
    <ClInclude Include="Graphics.hpp">
      <Filter>Header Files\Kernel</Filter>
    </ClInclude>
    <ClInclude Include="Timer.hpp">
      <Filter>Header Files\Kernel</Filter>
    </ClInclude>
    <ClInclude Include="Mouse.hpp">
      <Filter>Header Files\Input</Filter>
    </ClInclude>
    <ClInclude Include="Keyboard.hpp">
      <Filter>Header Files\Input</Filter>
    </ClInclude>
    <ClInclude Include="Logger.hpp">
      <Filter>Header Files</Filter>
    </ClInclude>
    <ClInclude Include="Math.hpp">
      <Filter>Header Files</Filter>
    </ClInclude>
    <ClInclude Include="SOIL\include\image_DXT.h">
      <Filter>Header Files\Image</Filter>
    </ClInclude>
    <ClInclude Include="SOIL\include\image_helper.h">
      <Filter>Header Files\Image</Filter>
    </ClInclude>
    <ClInclude Include="SOIL\include\SOIL.h">
      <Filter>Header Files\Image</Filter>
    </ClInclude>
    <ClInclude Include="SOIL\include\stb_image_aug.h">
      <Filter>Header Files\Image</Filter>
    </ClInclude>
    <ClInclude Include="SOIL\include\stbi_DDS_aug.h">
      <Filter>Header Files\Image</Filter>
    </ClInclude>
    <ClInclude Include="SOIL\include\stbi_DDS_aug_c.h">
      <Filter>Header Files\Image</Filter>
    </ClInclude>
  </ItemGroup>
  <ItemGroup>
    <Filter Include="Header Files">
      <UniqueIdentifier>{6dc1646f-b7c5-4dd0-bd3b-8b2fe6c96882}</UniqueIdentifier>
    </Filter>
    <Filter Include="Source Files">
      <UniqueIdentifier>{3fca0c72-11d2-45e9-8168-1c3621d583f7}</UniqueIdentifier>
    </Filter>
    <Filter Include="Header Files\Kernel">
      <UniqueIdentifier>{9f56486f-2f3c-4fe0-8bf5-d40082abaa3a}</UniqueIdentifier>
    </Filter>
    <Filter Include="Source Files\Kernel">
      <UniqueIdentifier>{c368f15e-c529-4bf5-83a4-000b7b425048}</UniqueIdentifier>
    </Filter>
    <Filter Include="Header Files\Input">
      <UniqueIdentifier>{443373b4-64f8-48db-8c59-995465f9fba0}</UniqueIdentifier>
    </Filter>
    <Filter Include="Source Files\Input">
      <UniqueIdentifier>{72741b8e-9a25-4d18-aaa4-043d0dc5de0f}</UniqueIdentifier>
    </Filter>
    <Filter Include="Header Files\Image">
      <UniqueIdentifier>{1df42bc7-bfa8-429e-a000-1826f49afc26}</UniqueIdentifier>
    </Filter>
    <Filter Include="Source Files\Image">
      <UniqueIdentifier>{54b636d9-5809-4819-aab3-777aeba09599}</UniqueIdentifier>
    </Filter>
  </ItemGroup>
</Project>